lockVersion: 2.0.0
id: 9aa80b67-3255-4db1-83fd-7f37b930f955
management:
  docChecksum: 1bdb7a6f8bf3995d4b40475228403253
  docVersion: 1.0.0
  speakeasyVersion: 1.325.0
  generationVersion: 2.356.0
  releaseVersion: 2.2.0-alpha.3
  configChecksum: 2c02e7c954decb0c80443940e5eb8990
  repoURL: https://github.com/ryan-timothy-albert/sample-go-sdk.git
  installationURL: https://github.com/ryan-timothy-albert/sample-go-sdk
features:
  go:
    additionalDependencies: 0.1.0
    core: 3.4.14
    flattening: 2.81.1
    globalSecurityCallbacks: 0.1.0
    globalServerURLs: 2.82.2
    intellisenseMarkdownSupport: 0.1.0
    responseFormat: 0.1.2
    sdkHooks: 0.1.0
generatedFiles:
  - pets.go
  - petsdk.go
  - go.mod
  - models/sdkerrors/sdkerror.go
  - types/bigint.go
  - types/date.go
  - types/datetime.go
  - types/decimal.go
  - types/pointers.go
  - internal/utils/contenttype.go
  - internal/utils/form.go
  - internal/utils/headers.go
  - internal/utils/json.go
  - internal/utils/pathparams.go
  - internal/utils/queryparams.go
  - internal/utils/requestbody.go
  - internal/utils/retries.go
  - internal/utils/security.go
  - internal/utils/utils.go
  - /models/operations/listpets.go
  - /models/operations/createpets.go
  - /models/operations/showpetbyid.go
  - /models/components/error.go
  - /models/components/pet.go
  - /models/components/httpmetadata.go
  - docs/models/operations/listpetsrequest.md
  - docs/models/operations/listpetsresponse.md
  - docs/models/operations/createpetsresponse.md
  - docs/models/operations/showpetbyidrequest.md
  - docs/models/operations/showpetbyidresponse.md
  - docs/models/components/error.md
  - docs/models/components/pet.md
  - docs/models/components/httpmetadata.md
  - docs/sdks/petsdk/README.md
  - docs/sdks/pets/README.md
  - USAGE.md
  - .gitattributes
  - internal/hooks/hooks.go
