speakeasyVersion: 1.295.0
sources:
    openapi:
        sourceNamespace: openapi
        sourceRevisionDigest: sha256:b9199c4535900c1a79b06e8c0de26ab3a8b6decb0d48e744a93e11974fcba27f
        sourceBlobDigest: sha256:9e4a78dfe74e459869a33f1c9e6bd1f8fa8abbe73b79465abebd7175bd5348a9
        tags:
            - latest
            - main
targets:
    first-target:
        source: openapi
        sourceNamespace: openapi
        sourceRevisionDigest: sha256:b9199c4535900c1a79b06e8c0de26ab3a8b6decb0d48e744a93e11974fcba27f
        sourceBlobDigest: sha256:9e4a78dfe74e459869a33f1c9e6bd1f8fa8abbe73b79465abebd7175bd5348a9
        outLocation: /github/workspace/repo
workflow:
    workflowVersion: 1.0.0
    speakeasyVersion: latest
    sources:
        openapi:
            inputs:
                - location: https://raw.githubusercontent.com/OAI/OpenAPI-Specification/main/examples/v3.0/petstore.yaml
            registry:
                location: registry.speakeasyapi.dev/ryan-local/ryan-local/openapi
    targets:
        first-target:
            target: go
            source: openapi
            codeSamples:
                output: codeSamples.yaml
