speakeasyVersion: 1.308.1
sources:
    openapi:
        sourceNamespace: openapi
        sourceRevisionDigest: sha256:ce7e6f5dbd96c414bb2ddb8b3ee1fdb94142c29c99bd47908e6ebb92323dbbc0
        sourceBlobDigest: sha256:b135d5f401625ab4305f724012f4dc53448663fee9a90771fa437bfd2c75f391
        tags:
            - latest
            - main
targets:
    first-target:
        source: openapi
        sourceNamespace: openapi
        sourceRevisionDigest: sha256:ce7e6f5dbd96c414bb2ddb8b3ee1fdb94142c29c99bd47908e6ebb92323dbbc0
        sourceBlobDigest: sha256:b135d5f401625ab4305f724012f4dc53448663fee9a90771fa437bfd2c75f391
        outLocation: /github/workspace/repo
workflow:
    workflowVersion: 1.0.0
    speakeasyVersion: latest
    sources:
        openapi:
            inputs:
                - location: https://raw.githubusercontent.com/OAI/OpenAPI-Specification/main/examples/v3.0/petstore.yaml
            registry:
                location: registry.speakeasyapi.dev/ryan-local/ryan-local/openapi
    targets:
        first-target:
            target: go
            source: openapi
            codeSamples:
                output: codeSamples.yaml
