speakeasyVersion: 1.300.1
sources:
    openapi:
        sourceNamespace: openapi
        sourceRevisionDigest: sha256:cb5fb2fc784196a027253811344fb2c43a185c306dcf0d61d7a8a43a4e6a0756
        sourceBlobDigest: sha256:02ddecb55881bd88f07cd37baba5c6c33f4078a4576fbdbba0077dae1150bb5e
        tags:
            - latest
            - main
targets:
    first-target:
        source: openapi
        sourceNamespace: openapi
        sourceRevisionDigest: sha256:cb5fb2fc784196a027253811344fb2c43a185c306dcf0d61d7a8a43a4e6a0756
        sourceBlobDigest: sha256:02ddecb55881bd88f07cd37baba5c6c33f4078a4576fbdbba0077dae1150bb5e
        outLocation: /github/workspace/repo
workflow:
    workflowVersion: 1.0.0
    speakeasyVersion: latest
    sources:
        openapi:
            inputs:
                - location: https://raw.githubusercontent.com/OAI/OpenAPI-Specification/main/examples/v3.0/petstore.yaml
            registry:
                location: registry.speakeasyapi.dev/ryan-local/ryan-local/openapi
    targets:
        first-target:
            target: go
            source: openapi
            codeSamples:
                output: codeSamples.yaml
